
Microsoft Visual Studio Solution File, Format Version 12.00
# Visual Studio Version 16
VisualStudioVersion = 16.0.30114.105
MinimumVisualStudioVersion = 10.0.40219.1
Project("{9A19103F-16F7-4668-BE54-9A1E7A4F7556}") = "SeleniumTests", "SeleniumTests\SeleniumTests.csproj", "{B4C3207C-F4C4-4AAD-ABF7-2B3CF7986276}"
EndProject
Project("{FAE04EC0-301F-11D3-BF4B-00C04F79EFBC}") = "NewTest", "NewTest\NewTest.csproj", "{DEF02BA7-DF82-483C-8E81-191001415379}"
EndProject
Global
	GlobalSection(SolutionConfigurationPlatforms) = preSolution
		Debug|Any CPU = Debug|Any CPU
		Debug|x64 = Debug|x64
		Debug|x86 = Debug|x86
		Release|Any CPU = Release|Any CPU
		Release|x64 = Release|x64
		Release|x86 = Release|x86
	EndGlobalSection
	GlobalSection(ProjectConfigurationPlatforms) = postSolution
		{B4C3207C-F4C4-4AAD-ABF7-2B3CF7986276}.Debug|Any CPU.ActiveCfg = Debug|Any CPU
		{B4C3207C-F4C4-4AAD-ABF7-2B3CF7986276}.Debug|Any CPU.Build.0 = Debug|Any CPU
		{B4C3207C-F4C4-4AAD-ABF7-2B3CF7986276}.Debug|x64.ActiveCfg = Debug|Any CPU
		{B4C3207C-F4C4-4AAD-ABF7-2B3CF7986276}.Debug|x64.Build.0 = Debug|Any CPU
		{B4C3207C-F4C4-4AAD-ABF7-2B3CF7986276}.Debug|x86.ActiveCfg = Debug|Any CPU
		{B4C3207C-F4C4-4AAD-ABF7-2B3CF7986276}.Debug|x86.Build.0 = Debug|Any CPU
		{B4C3207C-F4C4-4AAD-ABF7-2B3CF7986276}.Release|Any CPU.ActiveCfg = Release|Any CPU
		{B4C3207C-F4C4-4AAD-ABF7-2B3CF7986276}.Release|Any CPU.Build.0 = Release|Any CPU
		{B4C3207C-F4C4-4AAD-ABF7-2B3CF7986276}.Release|x64.ActiveCfg = Release|Any CPU
		{B4C3207C-F4C4-4AAD-ABF7-2B3CF7986276}.Release|x64.Build.0 = Release|Any CPU
		{B4C3207C-F4C4-4AAD-ABF7-2B3CF7986276}.Release|x86.ActiveCfg = Release|Any CPU
		{B4C3207C-F4C4-4AAD-ABF7-2B3CF7986276}.Release|x86.Build.0 = Release|Any CPU
		{DEF02BA7-DF82-483C-8E81-191001415379}.Debug|Any CPU.ActiveCfg = Debug|Any CPU
		{DEF02BA7-DF82-483C-8E81-191001415379}.Debug|Any CPU.Build.0 = Debug|Any CPU
		{DEF02BA7-DF82-483C-8E81-191001415379}.Debug|x64.ActiveCfg = Debug|Any CPU
		{DEF02BA7-DF82-483C-8E81-191001415379}.Debug|x64.Build.0 = Debug|Any CPU
		{DEF02BA7-DF82-483C-8E81-191001415379}.Debug|x86.ActiveCfg = Debug|Any CPU
		{DEF02BA7-DF82-483C-8E81-191001415379}.Debug|x86.Build.0 = Debug|Any CPU
		{DEF02BA7-DF82-483C-8E81-191001415379}.Release|Any CPU.ActiveCfg = Release|Any CPU
		{DEF02BA7-DF82-483C-8E81-191001415379}.Release|Any CPU.Build.0 = Release|Any CPU
		{DEF02BA7-DF82-483C-8E81-191001415379}.Release|x64.ActiveCfg = Release|Any CPU
		{DEF02BA7-DF82-483C-8E81-191001415379}.Release|x64.Build.0 = Release|Any CPU
		{DEF02BA7-DF82-483C-8E81-191001415379}.Release|x86.ActiveCfg = Release|Any CPU
		{DEF02BA7-DF82-483C-8E81-191001415379}.Release|x86.Build.0 = Release|Any CPU
	EndGlobalSection
	GlobalSection(SolutionProperties) = preSolution
		HideSolutionNode = FALSE
	EndGlobalSection
	GlobalSection(ExtensibilityGlobals) = postSolution
		SolutionGuid = {4EC77D95-09B4-4D6C-AEDF-05FD97A78CD6}
	EndGlobalSection
EndGlobal
